
Microsoft Visual Studio Solution File, Format Version 12.00
# Visual Studio Version 16
VisualStudioVersion = 25.0.1705.0
MinimumVisualStudioVersion = 10.0.40219.1
Project("{FAE04EC0-301F-11D3-BF4B-00C04F79EFBC}") = "SignalRChat", "SignalRChat.csproj", "{7DEA5B1F-F511-44DC-9B14-B3A8BBF7909A}"
EndProject
Global
	GlobalSection(SolutionConfigurationPlatforms) = preSolution
		Debug|Any CPU = Debug|Any CPU
		Release|Any CPU = Release|Any CPU
	EndGlobalSection
	GlobalSection(ProjectConfigurationPlatforms) = postSolution
		{7DEA5B1F-F511-44DC-9B14-B3A8BBF7909A}.Debug|Any CPU.ActiveCfg = Debug|Any CPU
		{7DEA5B1F-F511-44DC-9B14-B3A8BBF7909A}.Debug|Any CPU.Build.0 = Debug|Any CPU
		{7DEA5B1F-F511-44DC-9B14-B3A8BBF7909A}.Release|Any CPU.ActiveCfg = Release|Any CPU
		{7DEA5B1F-F511-44DC-9B14-B3A8BBF7909A}.Release|Any CPU.Build.0 = Release|Any CPU
	EndGlobalSection
	GlobalSection(SolutionProperties) = preSolution
		HideSolutionNode = FALSE
	EndGlobalSection
	GlobalSection(ExtensibilityGlobals) = postSolution
		SolutionGuid = {107B634B-25D7-432B-B97F-3E45DE7B5ABF}
	EndGlobalSection
EndGlobal
